
Microsoft Visual Studio Solution File, Format Version 12.00
Project("{FAE04EC0-301F-11D3-BF4B-00C04F79EFBC}") = "ApiPlayground.DefaultApi", "src\ApiPlayground.DefaultApi\ApiPlayground.DefaultApi.csproj", "{47BCE18B-6139-429F-A353-3E7207F90053}"
EndProject
Project("{FAE04EC0-301F-11D3-BF4B-00C04F79EFBC}") = "ApiPlayground.MinimalApi", "src\ApiPlayground.MinimalApi\ApiPlayground.MinimalApi.csproj", "{DD86B6CB-8D24-41B3-A1A2-76B18FA4B34F}"
EndProject
Project("{FAE04EC0-301F-11D3-BF4B-00C04F79EFBC}") = "ApiPlayground.FastEndpointsApi", "src\ApiPlayground.FastEndpointsApi\ApiPlayground.FastEndpointsApi.csproj", "{52043424-61BF-490F-90DF-D41FDA3A8621}"
EndProject
Project("{FAE04EC0-301F-11D3-BF4B-00C04F79EFBC}") = "ApiPlayground.LoadTest", "test\ApiPlayground.LoadTest\ApiPlayground.LoadTest.csproj", "{74ECDA6F-6ED8-4138-ABAA-C578748A57D1}"
EndProject
Project("{2150E333-8FDC-42A3-9474-1A3956D46DE8}") = "01-APIs", "01-APIs", "{518941B6-9939-48CA-8BAC-397FA6232CF7}"
EndProject
Project("{2150E333-8FDC-42A3-9474-1A3956D46DE8}") = "02-Tests", "02-Tests", "{AC82E31C-1133-4C3F-A286-DF215917C145}"
EndProject
Global
	GlobalSection(SolutionConfigurationPlatforms) = preSolution
		Debug|Any CPU = Debug|Any CPU
		Release|Any CPU = Release|Any CPU
	EndGlobalSection
	GlobalSection(ProjectConfigurationPlatforms) = postSolution
		{47BCE18B-6139-429F-A353-3E7207F90053}.Debug|Any CPU.ActiveCfg = Debug|Any CPU
		{47BCE18B-6139-429F-A353-3E7207F90053}.Debug|Any CPU.Build.0 = Debug|Any CPU
		{47BCE18B-6139-429F-A353-3E7207F90053}.Release|Any CPU.ActiveCfg = Release|Any CPU
		{47BCE18B-6139-429F-A353-3E7207F90053}.Release|Any CPU.Build.0 = Release|Any CPU
		{DD86B6CB-8D24-41B3-A1A2-76B18FA4B34F}.Debug|Any CPU.ActiveCfg = Debug|Any CPU
		{DD86B6CB-8D24-41B3-A1A2-76B18FA4B34F}.Debug|Any CPU.Build.0 = Debug|Any CPU
		{DD86B6CB-8D24-41B3-A1A2-76B18FA4B34F}.Release|Any CPU.ActiveCfg = Release|Any CPU
		{DD86B6CB-8D24-41B3-A1A2-76B18FA4B34F}.Release|Any CPU.Build.0 = Release|Any CPU
		{52043424-61BF-490F-90DF-D41FDA3A8621}.Debug|Any CPU.ActiveCfg = Debug|Any CPU
		{52043424-61BF-490F-90DF-D41FDA3A8621}.Debug|Any CPU.Build.0 = Debug|Any CPU
		{52043424-61BF-490F-90DF-D41FDA3A8621}.Release|Any CPU.ActiveCfg = Release|Any CPU
		{52043424-61BF-490F-90DF-D41FDA3A8621}.Release|Any CPU.Build.0 = Release|Any CPU
		{74ECDA6F-6ED8-4138-ABAA-C578748A57D1}.Debug|Any CPU.ActiveCfg = Debug|Any CPU
		{74ECDA6F-6ED8-4138-ABAA-C578748A57D1}.Debug|Any CPU.Build.0 = Debug|Any CPU
		{74ECDA6F-6ED8-4138-ABAA-C578748A57D1}.Release|Any CPU.ActiveCfg = Release|Any CPU
		{74ECDA6F-6ED8-4138-ABAA-C578748A57D1}.Release|Any CPU.Build.0 = Release|Any CPU
	EndGlobalSection
	GlobalSection(NestedProjects) = preSolution
		{47BCE18B-6139-429F-A353-3E7207F90053} = {518941B6-9939-48CA-8BAC-397FA6232CF7}
		{52043424-61BF-490F-90DF-D41FDA3A8621} = {518941B6-9939-48CA-8BAC-397FA6232CF7}
		{DD86B6CB-8D24-41B3-A1A2-76B18FA4B34F} = {518941B6-9939-48CA-8BAC-397FA6232CF7}
		{74ECDA6F-6ED8-4138-ABAA-C578748A57D1} = {AC82E31C-1133-4C3F-A286-DF215917C145}
	EndGlobalSection
EndGlobal
