
Microsoft Visual Studio Solution File, Format Version 12.00
Project("{FAE04EC0-301F-11D3-BF4B-00C04F79EFBC}") = "ApiPerformanceTest.DefaultApi", "src\ApiPerformanceTest.DefaultApi\ApiPerformanceTest.DefaultApi.csproj", "{47BCE18B-6139-429F-A353-3E7207F90053}"
EndProject
Project("{FAE04EC0-301F-11D3-BF4B-00C04F79EFBC}") = "ApiPerformanceTest.MinimalApi", "src\ApiPerformanceTest.MinimalApi\ApiPerformanceTest.MinimalApi.csproj", "{DD86B6CB-8D24-41B3-A1A2-76B18FA4B34F}"
EndProject
Project("{FAE04EC0-301F-11D3-BF4B-00C04F79EFBC}") = "ApiPerformanceTest.FastEndpointsApi", "src\ApiPerformanceTest.FastEndpointsApi\ApiPerformanceTest.FastEndpointsApi.csproj", "{52043424-61BF-490F-90DF-D41FDA3A8621}"
EndProject
Global
	GlobalSection(SolutionConfigurationPlatforms) = preSolution
		Debug|Any CPU = Debug|Any CPU
		Release|Any CPU = Release|Any CPU
	EndGlobalSection
	GlobalSection(ProjectConfigurationPlatforms) = postSolution
		{47BCE18B-6139-429F-A353-3E7207F90053}.Debug|Any CPU.ActiveCfg = Debug|Any CPU
		{47BCE18B-6139-429F-A353-3E7207F90053}.Debug|Any CPU.Build.0 = Debug|Any CPU
		{47BCE18B-6139-429F-A353-3E7207F90053}.Release|Any CPU.ActiveCfg = Release|Any CPU
		{47BCE18B-6139-429F-A353-3E7207F90053}.Release|Any CPU.Build.0 = Release|Any CPU
		{DD86B6CB-8D24-41B3-A1A2-76B18FA4B34F}.Debug|Any CPU.ActiveCfg = Debug|Any CPU
		{DD86B6CB-8D24-41B3-A1A2-76B18FA4B34F}.Debug|Any CPU.Build.0 = Debug|Any CPU
		{DD86B6CB-8D24-41B3-A1A2-76B18FA4B34F}.Release|Any CPU.ActiveCfg = Release|Any CPU
		{DD86B6CB-8D24-41B3-A1A2-76B18FA4B34F}.Release|Any CPU.Build.0 = Release|Any CPU
		{52043424-61BF-490F-90DF-D41FDA3A8621}.Debug|Any CPU.ActiveCfg = Debug|Any CPU
		{52043424-61BF-490F-90DF-D41FDA3A8621}.Debug|Any CPU.Build.0 = Debug|Any CPU
		{52043424-61BF-490F-90DF-D41FDA3A8621}.Release|Any CPU.ActiveCfg = Release|Any CPU
		{52043424-61BF-490F-90DF-D41FDA3A8621}.Release|Any CPU.Build.0 = Release|Any CPU
	EndGlobalSection
EndGlobal
